
Microsoft Visual Studio Solution File, Format Version 12.00
# Visual Studio Version 16
VisualStudioVersion = 16.0.30114.105
MinimumVisualStudioVersion = 10.0.40219.1
Project("{FAE04EC0-301F-11D3-BF4B-00C04F79EFBC}") = "Wasari.Cli", "Wasari.Cli\Wasari.Cli.csproj", "{796CCDD7-9749-4142-904A-E4B70F56B27A}"
EndProject
Project("{FAE04EC0-301F-11D3-BF4B-00C04F79EFBC}") = "Wasari.App.Abstractions", "Wasari.App.Abstractions\Wasari.App.Abstractions.csproj", "{D4AB8E83-A8D7-450C-8691-B3CE0AC6F0C9}"
EndProject
Project("{FAE04EC0-301F-11D3-BF4B-00C04F79EFBC}") = "Wasari.App", "Wasari.App\Wasari.App.csproj", "{393B657C-B9EC-479E-A020-30F596A2FA50}"
EndProject
Project("{FAE04EC0-301F-11D3-BF4B-00C04F79EFBC}") = "Wasari.YoutubeDlp", "Wasari.YoutubeDlp\Wasari.YoutubeDlp.csproj", "{DA31AC3C-C90A-4074-929C-2FAC72E0D34F}"
EndProject
Project("{FAE04EC0-301F-11D3-BF4B-00C04F79EFBC}") = "Wasari.FFmpeg", "Wasari.FFmpeg\Wasari.FFmpeg.csproj", "{BB3BA4FA-BD5F-43CF-8CEC-09FB183DA121}"
EndProject
Project("{FAE04EC0-301F-11D3-BF4B-00C04F79EFBC}") = "Wasari.Environment", "Wasari.Environment\Wasari.Environment.csproj", "{37811EA7-976E-4F5D-BCD3-7FE79C928C50}"
EndProject
Project("{FAE04EC0-301F-11D3-BF4B-00C04F79EFBC}") = "Wasari.Crunchyroll", "Wasari.Crunchyroll\Wasari.Crunchyroll.csproj", "{58D52AD7-CB6F-4975-9BBD-711C5DBD7CD1}"
EndProject
Project("{FAE04EC0-301F-11D3-BF4B-00C04F79EFBC}") = "Wasari.Anime4k", "Wasari.Anime4k\Wasari.Anime4k.csproj", "{F0667CE5-78A4-4E53-A4D8-3F07CB4A194F}"
EndProject
Project("{2150E333-8FDC-42A3-9474-1A3956D46DE8}") = "Tvdb", "Tvdb", "{B6B679B9-738A-4E09-8EFE-24255CC47289}"
EndProject
Project("{FAE04EC0-301F-11D3-BF4B-00C04F79EFBC}") = "Wasari.Tvdb.Api", "Wasari.Tvdb.Api\Wasari.Tvdb.Api.csproj", "{E945FE07-E7ED-4902-B26A-4F61312DF983}"
EndProject
Project("{FAE04EC0-301F-11D3-BF4B-00C04F79EFBC}") = "Wasari.Tvdb.Abstractions", "Wasari.Tvdb.Abstractions\Wasari.Tvdb.Abstractions.csproj", "{11262AD5-4AE4-40EB-980F-538A10F5A2B2}"
EndProject
Project("{FAE04EC0-301F-11D3-BF4B-00C04F79EFBC}") = "Wasari.Tvdb", "Wasari.Tvdb\Wasari.Tvdb.csproj", "{BD51CDA1-11A8-4C47-857C-A03963325C9F}"
EndProject
Project("{FAE04EC0-301F-11D3-BF4B-00C04F79EFBC}") = "Wasari.Tvdb.Api.Client", "Wasari.Tvdb.Api.Client\Wasari.Tvdb.Api.Client.csproj", "{FCD953E2-5172-4D71-9DAD-BC1F25EC34B1}"
EndProject
Project("{FAE04EC0-301F-11D3-BF4B-00C04F79EFBC}") = "Wasari.Daemon", "Wasari.Daemon\Wasari.Daemon.csproj", "{89E5C83F-0133-4B26-B1EC-E7F511CEA4D9}"
EndProject
Project("{FAE04EC0-301F-11D3-BF4B-00C04F79EFBC}") = "Wasari.Tests", "Wasari.Tests\Wasari.Tests.csproj", "{6F4EBCF9-D17B-462C-B39B-66701BA416FE}"
EndProject
Global
	GlobalSection(SolutionConfigurationPlatforms) = preSolution
		Debug|Any CPU = Debug|Any CPU
		Release|Any CPU = Release|Any CPU
	EndGlobalSection
	GlobalSection(SolutionProperties) = preSolution
		HideSolutionNode = FALSE
	EndGlobalSection
	GlobalSection(ProjectConfigurationPlatforms) = postSolution
		{796CCDD7-9749-4142-904A-E4B70F56B27A}.Debug|Any CPU.ActiveCfg = Debug|Any CPU
		{796CCDD7-9749-4142-904A-E4B70F56B27A}.Debug|Any CPU.Build.0 = Debug|Any CPU
		{796CCDD7-9749-4142-904A-E4B70F56B27A}.Release|Any CPU.ActiveCfg = Release|Any CPU
		{796CCDD7-9749-4142-904A-E4B70F56B27A}.Release|Any CPU.Build.0 = Release|Any CPU
		{D4AB8E83-A8D7-450C-8691-B3CE0AC6F0C9}.Debug|Any CPU.ActiveCfg = Debug|Any CPU
		{D4AB8E83-A8D7-450C-8691-B3CE0AC6F0C9}.Debug|Any CPU.Build.0 = Debug|Any CPU
		{D4AB8E83-A8D7-450C-8691-B3CE0AC6F0C9}.Release|Any CPU.ActiveCfg = Release|Any CPU
		{D4AB8E83-A8D7-450C-8691-B3CE0AC6F0C9}.Release|Any CPU.Build.0 = Release|Any CPU
		{393B657C-B9EC-479E-A020-30F596A2FA50}.Debug|Any CPU.ActiveCfg = Debug|Any CPU
		{393B657C-B9EC-479E-A020-30F596A2FA50}.Debug|Any CPU.Build.0 = Debug|Any CPU
		{393B657C-B9EC-479E-A020-30F596A2FA50}.Release|Any CPU.ActiveCfg = Release|Any CPU
		{393B657C-B9EC-479E-A020-30F596A2FA50}.Release|Any CPU.Build.0 = Release|Any CPU
		{DA31AC3C-C90A-4074-929C-2FAC72E0D34F}.Debug|Any CPU.ActiveCfg = Debug|Any CPU
		{DA31AC3C-C90A-4074-929C-2FAC72E0D34F}.Debug|Any CPU.Build.0 = Debug|Any CPU
		{DA31AC3C-C90A-4074-929C-2FAC72E0D34F}.Release|Any CPU.ActiveCfg = Release|Any CPU
		{DA31AC3C-C90A-4074-929C-2FAC72E0D34F}.Release|Any CPU.Build.0 = Release|Any CPU
		{BB3BA4FA-BD5F-43CF-8CEC-09FB183DA121}.Debug|Any CPU.ActiveCfg = Debug|Any CPU
		{BB3BA4FA-BD5F-43CF-8CEC-09FB183DA121}.Debug|Any CPU.Build.0 = Debug|Any CPU
		{BB3BA4FA-BD5F-43CF-8CEC-09FB183DA121}.Release|Any CPU.ActiveCfg = Release|Any CPU
		{BB3BA4FA-BD5F-43CF-8CEC-09FB183DA121}.Release|Any CPU.Build.0 = Release|Any CPU
		{37811EA7-976E-4F5D-BCD3-7FE79C928C50}.Debug|Any CPU.ActiveCfg = Debug|Any CPU
		{37811EA7-976E-4F5D-BCD3-7FE79C928C50}.Debug|Any CPU.Build.0 = Debug|Any CPU
		{37811EA7-976E-4F5D-BCD3-7FE79C928C50}.Release|Any CPU.ActiveCfg = Release|Any CPU
		{37811EA7-976E-4F5D-BCD3-7FE79C928C50}.Release|Any CPU.Build.0 = Release|Any CPU
		{58D52AD7-CB6F-4975-9BBD-711C5DBD7CD1}.Debug|Any CPU.ActiveCfg = Debug|Any CPU
		{58D52AD7-CB6F-4975-9BBD-711C5DBD7CD1}.Debug|Any CPU.Build.0 = Debug|Any CPU
		{58D52AD7-CB6F-4975-9BBD-711C5DBD7CD1}.Release|Any CPU.ActiveCfg = Release|Any CPU
		{58D52AD7-CB6F-4975-9BBD-711C5DBD7CD1}.Release|Any CPU.Build.0 = Release|Any CPU
		{F0667CE5-78A4-4E53-A4D8-3F07CB4A194F}.Debug|Any CPU.ActiveCfg = Debug|Any CPU
		{F0667CE5-78A4-4E53-A4D8-3F07CB4A194F}.Debug|Any CPU.Build.0 = Debug|Any CPU
		{F0667CE5-78A4-4E53-A4D8-3F07CB4A194F}.Release|Any CPU.ActiveCfg = Release|Any CPU
		{F0667CE5-78A4-4E53-A4D8-3F07CB4A194F}.Release|Any CPU.Build.0 = Release|Any CPU
		{E945FE07-E7ED-4902-B26A-4F61312DF983}.Debug|Any CPU.ActiveCfg = Debug|Any CPU
		{E945FE07-E7ED-4902-B26A-4F61312DF983}.Debug|Any CPU.Build.0 = Debug|Any CPU
		{E945FE07-E7ED-4902-B26A-4F61312DF983}.Release|Any CPU.ActiveCfg = Release|Any CPU
		{E945FE07-E7ED-4902-B26A-4F61312DF983}.Release|Any CPU.Build.0 = Release|Any CPU
		{11262AD5-4AE4-40EB-980F-538A10F5A2B2}.Debug|Any CPU.ActiveCfg = Debug|Any CPU
		{11262AD5-4AE4-40EB-980F-538A10F5A2B2}.Debug|Any CPU.Build.0 = Debug|Any CPU
		{11262AD5-4AE4-40EB-980F-538A10F5A2B2}.Release|Any CPU.ActiveCfg = Release|Any CPU
		{11262AD5-4AE4-40EB-980F-538A10F5A2B2}.Release|Any CPU.Build.0 = Release|Any CPU
		{BD51CDA1-11A8-4C47-857C-A03963325C9F}.Debug|Any CPU.ActiveCfg = Debug|Any CPU
		{BD51CDA1-11A8-4C47-857C-A03963325C9F}.Debug|Any CPU.Build.0 = Debug|Any CPU
		{BD51CDA1-11A8-4C47-857C-A03963325C9F}.Release|Any CPU.ActiveCfg = Release|Any CPU
		{BD51CDA1-11A8-4C47-857C-A03963325C9F}.Release|Any CPU.Build.0 = Release|Any CPU
		{FCD953E2-5172-4D71-9DAD-BC1F25EC34B1}.Debug|Any CPU.ActiveCfg = Debug|Any CPU
		{FCD953E2-5172-4D71-9DAD-BC1F25EC34B1}.Debug|Any CPU.Build.0 = Debug|Any CPU
		{FCD953E2-5172-4D71-9DAD-BC1F25EC34B1}.Release|Any CPU.ActiveCfg = Release|Any CPU
		{FCD953E2-5172-4D71-9DAD-BC1F25EC34B1}.Release|Any CPU.Build.0 = Release|Any CPU
		{89E5C83F-0133-4B26-B1EC-E7F511CEA4D9}.Debug|Any CPU.ActiveCfg = Debug|Any CPU
		{89E5C83F-0133-4B26-B1EC-E7F511CEA4D9}.Debug|Any CPU.Build.0 = Debug|Any CPU
		{89E5C83F-0133-4B26-B1EC-E7F511CEA4D9}.Release|Any CPU.ActiveCfg = Release|Any CPU
		{89E5C83F-0133-4B26-B1EC-E7F511CEA4D9}.Release|Any CPU.Build.0 = Release|Any CPU
		{6F4EBCF9-D17B-462C-B39B-66701BA416FE}.Debug|Any CPU.ActiveCfg = Debug|Any CPU
		{6F4EBCF9-D17B-462C-B39B-66701BA416FE}.Debug|Any CPU.Build.0 = Debug|Any CPU
		{6F4EBCF9-D17B-462C-B39B-66701BA416FE}.Release|Any CPU.ActiveCfg = Release|Any CPU
		{6F4EBCF9-D17B-462C-B39B-66701BA416FE}.Release|Any CPU.Build.0 = Release|Any CPU
	EndGlobalSection
	GlobalSection(NestedProjects) = preSolution
		{E945FE07-E7ED-4902-B26A-4F61312DF983} = {B6B679B9-738A-4E09-8EFE-24255CC47289}
		{11262AD5-4AE4-40EB-980F-538A10F5A2B2} = {B6B679B9-738A-4E09-8EFE-24255CC47289}
		{BD51CDA1-11A8-4C47-857C-A03963325C9F} = {B6B679B9-738A-4E09-8EFE-24255CC47289}
		{FCD953E2-5172-4D71-9DAD-BC1F25EC34B1} = {B6B679B9-738A-4E09-8EFE-24255CC47289}
	EndGlobalSection
EndGlobal
